{
  "name": "ecommerce-frontend",
  "version": "1.0.0",
  "lockfileVersion": 2,
  "requires": true,
  "dependencies": {
    "axios": {
      "version": "0.27.2",
      "resolved": "https://registry.npmjs.org/axios/-/axios-0.27.2.tgz",
      "integrity": "sha512-BfbEazbKzDANHf4sQ5Iow88xuHgMQK6cMtq1QORhPpM6axAKR5fyHgTptv9tp6mIRlh4kUqIo4q0d1t7wHhgsA=="
    },
    "react": {
      "version": "18.2.0",
      "resolved": "https://registry.npmjs.org/react/-/react-18.2.0.tgz",
      "integrity": "sha512-tD9OCNJzKVG8TZ3jqNNZ5TYElqlLwXqTtbqmwFvDdQ+M4x0r3JzIlgF8u0nMbq8HKncvF6Z6y3Erf+kTucvYWQ=="
    },
    "react-dom": {
      "version": "18.2.0",
      "resolved": "https://registry.npmjs.org/react-dom/-/react-dom-18.2.0.tgz",
      "integrity": "sha512-JHygHYTzOGmZb7Dl3rPyRfXOVOTZYgOYHFoIGGzSjbW3K6m7duWcI41pz9Tx+bi/JURKc8u+k2Ibo6AtD1f3lQ=="
    },
    "react-router-dom": {
      "version": "6.4.1",
      "resolved": "https://registry.npmjs.org/react-router-dom/-/react-router-dom-6.4.1.tgz",
      "integrity": "sha512-TmwfJx5Xh8mHj2ah6B9IuOJlV2+OWF5qg6tGiQY/FhyqEOm8MeKPyvvFu1pFFhW5Ixlb6+9v2eZrLjywA6hK9g=="
    }
  }
}

