{
  "name": "ecommerce-backend",
  "version": "1.0.0",
  "lockfileVersion": 2,
  "requires": true,
  "dependencies": {
    "express": {
      "version": "4.18.2",
      "resolved": "https://registry.npmjs.org/express/-/express-4.18.2.tgz",
      "integrity": "sha512-HpS7z1+MOI3g64FwGpZY5JcnMLN4V4TPfP6n4GVnAZVNh+miLBzZ1bng9fjRFTkA/K3rpa2DPqWg6EKhVLZBYg=="
    },
    "mysql2": {
      "version": "2.3.3",
      "resolved": "https://registry.npmjs.org/mysql2/-/mysql2-2.3.3.tgz",
      "integrity": "sha512-VzPHoc16zZlQg9ksPqgVjDFniGi8Y6D4IduD0idbRuRlJWPTNKfgAv4TxDgEC2FqHy1D2HlG6sTTzybx+J13jQ=="
    }
  }
}

